
Microsoft Visual Studio Solution File, Format Version 12.00
# Visual Studio Version 17
VisualStudioVersion = 17.9.34728.123
MinimumVisualStudioVersion = 10.0.40219.1
Project("{FAE04EC0-301F-11D3-BF4B-00C04F79EFBC}") = "HippHippHurra", "HippHippHurra\HippHippHurra.csproj", "{3DA4CC7D-6655-4003-A8F4-E090C542397D}"
EndProject
Global
	GlobalSection(SolutionConfigurationPlatforms) = preSolution
		Debug|Any CPU = Debug|Any CPU
		Release|Any CPU = Release|Any CPU
	EndGlobalSection
	GlobalSection(ProjectConfigurationPlatforms) = postSolution
		{3DA4CC7D-6655-4003-A8F4-E090C542397D}.Debug|Any CPU.ActiveCfg = Debug|Any CPU
		{3DA4CC7D-6655-4003-A8F4-E090C542397D}.Debug|Any CPU.Build.0 = Debug|Any CPU
		{3DA4CC7D-6655-4003-A8F4-E090C542397D}.Release|Any CPU.ActiveCfg = Release|Any CPU
		{3DA4CC7D-6655-4003-A8F4-E090C542397D}.Release|Any CPU.Build.0 = Release|Any CPU
	EndGlobalSection
	GlobalSection(SolutionProperties) = preSolution
		HideSolutionNode = FALSE
	EndGlobalSection
	GlobalSection(ExtensibilityGlobals) = postSolution
		SolutionGuid = {D8FF7AA8-F939-4083-9959-5D6860513F56}
	EndGlobalSection
EndGlobal
